
Microsoft Visual Studio Solution File, Format Version 12.00
# Visual Studio Version 17
VisualStudioVersion = 17.0.31903.59
MinimumVisualStudioVersion = 10.0.40219.1
Project("{FAE04EC0-301F-11D3-BF4B-00C04F79EFBC}") = "ReactCheesecakeOrdering.Web", "ReactCheesecakeOrdering.Web\ReactCheesecakeOrdering.Web.csproj", "{35544CAC-A43D-41A5-B11D-4AA8AE44C29B}"
EndProject
Project("{FAE04EC0-301F-11D3-BF4B-00C04F79EFBC}") = "ReactCheesecakeOrdering.Data", "ReactCheesecakeOrdering.Data\ReactCheesecakeOrdering.Data.csproj", "{866D3961-CCED-4AEF-B5BE-62BFF94FCA5A}"
EndProject
Global
	GlobalSection(SolutionConfigurationPlatforms) = preSolution
		Debug|Any CPU = Debug|Any CPU
		Release|Any CPU = Release|Any CPU
	EndGlobalSection
	GlobalSection(SolutionProperties) = preSolution
		HideSolutionNode = FALSE
	EndGlobalSection
	GlobalSection(ProjectConfigurationPlatforms) = postSolution
		{35544CAC-A43D-41A5-B11D-4AA8AE44C29B}.Debug|Any CPU.ActiveCfg = Debug|Any CPU
		{35544CAC-A43D-41A5-B11D-4AA8AE44C29B}.Debug|Any CPU.Build.0 = Debug|Any CPU
		{35544CAC-A43D-41A5-B11D-4AA8AE44C29B}.Release|Any CPU.ActiveCfg = Release|Any CPU
		{35544CAC-A43D-41A5-B11D-4AA8AE44C29B}.Release|Any CPU.Build.0 = Release|Any CPU
		{866D3961-CCED-4AEF-B5BE-62BFF94FCA5A}.Debug|Any CPU.ActiveCfg = Debug|Any CPU
		{866D3961-CCED-4AEF-B5BE-62BFF94FCA5A}.Debug|Any CPU.Build.0 = Debug|Any CPU
		{866D3961-CCED-4AEF-B5BE-62BFF94FCA5A}.Release|Any CPU.ActiveCfg = Release|Any CPU
		{866D3961-CCED-4AEF-B5BE-62BFF94FCA5A}.Release|Any CPU.Build.0 = Release|Any CPU
	EndGlobalSection
EndGlobal
